// !$*UTF8*$!
{
	archiveVersion = 1;
	classes = {
	};
	objectVersion = 48;
	objects = {

/* Begin PBXBuildFile section */
		9FAC10CC1F7324F000FFEEDE /* AppDelegate.swift in Sources */ = {isa = PBXBuildFile; fileRef = 9FAC10CB1F7324F000FFEEDE /* AppDelegate.swift */; };
		9FAC10CE1F7324F000FFEEDE /* ViewController.swift in Sources */ = {isa = PBXBuildFile; fileRef = 9FAC10CD1F7324F000FFEEDE /* ViewController.swift */; };
		9FAC10D11F7324F000FFEEDE /* Main.storyboard in Resources */ = {isa = PBXBuildFile; fileRef = 9FAC10CF1F7324F000FFEEDE /* Main.storyboard */; };
		9FAC10D31F7324F000FFEEDE /* Assets.xcassets in Resources */ = {isa = PBXBuildFile; fileRef = 9FAC10D21F7324F000FFEEDE /* Assets.xcassets */; };
		9FAC10D61F7324F000FFEEDE /* LaunchScreen.storyboard in Resources */ = {isa = PBXBuildFile; fileRef = 9FAC10D41F7324F000FFEEDE /* LaunchScreen.storyboard */; };
		9FAC10E11F7324F000FFEEDE /* CodableAutoSaveTests.swift in Sources */ = {isa = PBXBuildFile; fileRef = 9FAC10E01F7324F000FFEEDE /* CodableAutoSaveTests.swift */; };
		9FAC10ED1F73253100FFEEDE /* FormModel.swift in Sources */ = {isa = PBXBuildFile; fileRef = 9FAC10EC1F73253100FFEEDE /* FormModel.swift */; };
		9FAC10F11F732F7B00FFEEDE /* AppSession.swift in Sources */ = {isa = PBXBuildFile; fileRef = 9FAC10F01F732F7B00FFEEDE /* AppSession.swift */; };
/* End PBXBuildFile section */

/* Begin PBXContainerItemProxy section */
		9FAC10DD1F7324F000FFEEDE /* PBXContainerItemProxy */ = {
			isa = PBXContainerItemProxy;
			containerPortal = 9FAC10C01F7324F000FFEEDE /* Project object */;
			proxyType = 1;
			remoteGlobalIDString = 9FAC10C71F7324F000FFEEDE;
			remoteInfo = CodableAutoSave;
		};
/* End PBXContainerItemProxy section */

/* Begin PBXFileReference section */
		9FAC10C81F7324F000FFEEDE /* CodableAutoSave.app */ = {isa = PBXFileReference; explicitFileType = wrapper.application; includeInIndex = 0; path = CodableAutoSave.app; sourceTree = BUILT_PRODUCTS_DIR; };
		9FAC10CB1F7324F000FFEEDE /* AppDelegate.swift */ = {isa = PBXFileReference; lastKnownFileType = sourcecode.swift; path = AppDelegate.swift; sourceTree = "<group>"; };
		9FAC10CD1F7324F000FFEEDE /* ViewController.swift */ = {isa = PBXFileReference; lastKnownFileType = sourcecode.swift; path = ViewController.swift; sourceTree = "<group>"; };
		9FAC10D01F7324F000FFEEDE /* Base */ = {isa = PBXFileReference; lastKnownFileType = file.storyboard; name = Base; path = Base.lproj/Main.storyboard; sourceTree = "<group>"; };
		9FAC10D21F7324F000FFEEDE /* Assets.xcassets */ = {isa = PBXFileReference; lastKnownFileType = folder.assetcatalog; path = Assets.xcassets; sourceTree = "<group>"; };
		9FAC10D51F7324F000FFEEDE /* Base */ = {isa = PBXFileReference; lastKnownFileType = file.storyboard; name = Base; path = Base.lproj/LaunchScreen.storyboard; sourceTree = "<group>"; };
		9FAC10D71F7324F000FFEEDE /* Info.plist */ = {isa = PBXFileReference; lastKnownFileType = text.plist.xml; path = Info.plist; sourceTree = "<group>"; };
		9FAC10DC1F7324F000FFEEDE /* CodableAutoSaveTests.xctest */ = {isa = PBXFileReference; explicitFileType = wrapper.cfbundle; includeInIndex = 0; path = CodableAutoSaveTests.xctest; sourceTree = BUILT_PRODUCTS_DIR; };
		9FAC10E01F7324F000FFEEDE /* CodableAutoSaveTests.swift */ = {isa = PBXFileReference; lastKnownFileType = sourcecode.swift; path = CodableAutoSaveTests.swift; sourceTree = "<group>"; };
		9FAC10E21F7324F000FFEEDE /* Info.plist */ = {isa = PBXFileReference; lastKnownFileType = text.plist.xml; path = Info.plist; sourceTree = "<group>"; };
		9FAC10EC1F73253100FFEEDE /* FormModel.swift */ = {isa = PBXFileReference; lastKnownFileType = sourcecode.swift; path = FormModel.swift; sourceTree = "<group>"; };
		9FAC10F01F732F7B00FFEEDE /* AppSession.swift */ = {isa = PBXFileReference; lastKnownFileType = sourcecode.swift; path = AppSession.swift; sourceTree = "<group>"; };
/* End PBXFileReference section */

/* Begin PBXFrameworksBuildPhase section */
		9FAC10C51F7324F000FFEEDE /* Frameworks */ = {
			isa = PBXFrameworksBuildPhase;
			buildActionMask = 2147483647;
			files = (
			);
			runOnlyForDeploymentPostprocessing = 0;
		};
		9FAC10D91F7324F000FFEEDE /* Frameworks */ = {
			isa = PBXFrameworksBuildPhase;
			buildActionMask = 2147483647;
			files = (
			);
			runOnlyForDeploymentPostprocessing = 0;
		};
/* End PBXFrameworksBuildPhase section */

/* Begin PBXGroup section */
		9FAC10BF1F7324F000FFEEDE = {
			isa = PBXGroup;
			children = (
				9FAC10CA1F7324F000FFEEDE /* CodableAutoSave */,
				9FAC10DF1F7324F000FFEEDE /* CodableAutoSaveTests */,
				9FAC10C91F7324F000FFEEDE /* Products */,
			);
			sourceTree = "<group>";
		};
		9FAC10C91F7324F000FFEEDE /* Products */ = {
			isa = PBXGroup;
			children = (
				9FAC10C81F7324F000FFEEDE /* CodableAutoSave.app */,
				9FAC10DC1F7324F000FFEEDE /* CodableAutoSaveTests.xctest */,
			);
			name = Products;
			sourceTree = "<group>";
		};
		9FAC10CA1F7324F000FFEEDE /* CodableAutoSave */ = {
			isa = PBXGroup;
			children = (
				9FAC10CD1F7324F000FFEEDE /* ViewController.swift */,
				9FAC10CF1F7324F000FFEEDE /* Main.storyboard */,
				9FAC10EC1F73253100FFEEDE /* FormModel.swift */,
				9FAC10D71F7324F000FFEEDE /* Info.plist */,
				9FAC10EB1F7324FC00FFEEDE /* Supporting Files */,
				9FAC10F01F732F7B00FFEEDE /* AppSession.swift */,
			);
			path = CodableAutoSave;
			sourceTree = "<group>";
		};
		9FAC10DF1F7324F000FFEEDE /* CodableAutoSaveTests */ = {
			isa = PBXGroup;
			children = (
				9FAC10E01F7324F000FFEEDE /* CodableAutoSaveTests.swift */,
				9FAC10E21F7324F000FFEEDE /* Info.plist */,
			);
			path = CodableAutoSaveTests;
			sourceTree = "<group>";
		};
		9FAC10EB1F7324FC00FFEEDE /* Supporting Files */ = {
			isa = PBXGroup;
			children = (
				9FAC10CB1F7324F000FFEEDE /* AppDelegate.swift */,
				9FAC10D21F7324F000FFEEDE /* Assets.xcassets */,
				9FAC10D41F7324F000FFEEDE /* LaunchScreen.storyboard */,
			);
			path = "Supporting Files";
			sourceTree = "<group>";
		};
/* End PBXGroup section */

/* Begin PBXNativeTarget section */
		9FAC10C71F7324F000FFEEDE /* CodableAutoSave */ = {
			isa = PBXNativeTarget;
			buildConfigurationList = 9FAC10E51F7324F000FFEEDE /* Build configuration list for PBXNativeTarget "CodableAutoSave" */;
			buildPhases = (
				9FAC10C41F7324F000FFEEDE /* Sources */,
				9FAC10C51F7324F000FFEEDE /* Frameworks */,
				9FAC10C61F7324F000FFEEDE /* Resources */,
			);
			buildRules = (
			);
			dependencies = (
			);
			name = CodableAutoSave;
			productName = CodableAutoSave;
			productReference = 9FAC10C81F7324F000FFEEDE /* CodableAutoSave.app */;
			productType = "com.apple.product-type.application";
		};
		9FAC10DB1F7324F000FFEEDE /* CodableAutoSaveTests */ = {
			isa = PBXNativeTarget;
			buildConfigurationList = 9FAC10E81F7324F000FFEEDE /* Build configuration list for PBXNativeTarget "CodableAutoSaveTests" */;
			buildPhases = (
				9FAC10D81F7324F000FFEEDE /* Sources */,
				9FAC10D91F7324F000FFEEDE /* Frameworks */,
				9FAC10DA1F7324F000FFEEDE /* Resources */,
			);
			buildRules = (
			);
			dependencies = (
				9FAC10DE1F7324F000FFEEDE /* PBXTargetDependency */,
			);
			name = CodableAutoSaveTests;
			productName = CodableAutoSaveTests;
			productReference = 9FAC10DC1F7324F000FFEEDE /* CodableAutoSaveTests.xctest */;
			productType = "com.apple.product-type.bundle.unit-test";
		};
/* End PBXNativeTarget section */

/* Begin PBXProject section */
		9FAC10C01F7324F000FFEEDE /* Project object */ = {
			isa = PBXProject;
			attributes = {
				LastSwiftUpdateCheck = 0900;
				LastUpgradeCheck = 0900;
				ORGANIZATIONNAME = "Brett Lindsay";
				TargetAttributes = {
					9FAC10C71F7324F000FFEEDE = {
						CreatedOnToolsVersion = 9.0;
						ProvisioningStyle = Automatic;
					};
					9FAC10DB1F7324F000FFEEDE = {
						CreatedOnToolsVersion = 9.0;
						ProvisioningStyle = Automatic;
						TestTargetID = 9FAC10C71F7324F000FFEEDE;
					};
				};
			};
			buildConfigurationList = 9FAC10C31F7324F000FFEEDE /* Build configuration list for PBXProject "CodableAutoSave" */;
			compatibilityVersion = "Xcode 8.0";
			developmentRegion = en;
			hasScannedForEncodings = 0;
			knownRegions = (
				en,
				Base,
			);
			mainGroup = 9FAC10BF1F7324F000FFEEDE;
			productRefGroup = 9FAC10C91F7324F000FFEEDE /* Products */;
			projectDirPath = "";
			projectRoot = "";
			targets = (
				9FAC10C71F7324F000FFEEDE /* CodableAutoSave */,
				9FAC10DB1F7324F000FFEEDE /* CodableAutoSaveTests */,
			);
		};
/* End PBXProject section */

/* Begin PBXResourcesBuildPhase section */
		9FAC10C61F7324F000FFEEDE /* Resources */ = {
			isa = PBXResourcesBuildPhase;
			buildActionMask = 2147483647;
			files = (
				9FAC10D61F7324F000FFEEDE /* LaunchScreen.storyboard in Resources */,
				9FAC10D31F7324F000FFEEDE /* Assets.xcassets in Resources */,
				9FAC10D11F7324F000FFEEDE /* Main.storyboard in Resources */,
			);
			runOnlyForDeploymentPostprocessing = 0;
		};
		9FAC10DA1F7324F000FFEEDE /* Resources */ = {
			isa = PBXResourcesBuildPhase;
			buildActionMask = 2147483647;
			files = (
			);
			runOnlyForDeploymentPostprocessing = 0;
		};
/* End PBXResourcesBuildPhase section */

/* Begin PBXSourcesBuildPhase section */
		9FAC10C41F7324F000FFEEDE /* Sources */ = {
			isa = PBXSourcesBuildPhase;
			buildActionMask = 2147483647;
			files = (
				9FAC10F11F732F7B00FFEEDE /* AppSession.swift in Sources */,
				9FAC10ED1F73253100FFEEDE /* FormModel.swift in Sources */,
				9FAC10CE1F7324F000FFEEDE /* ViewController.swift in Sources */,
				9FAC10CC1F7324F000FFEEDE /* AppDelegate.swift in Sources */,
			);
			runOnlyForDeploymentPostprocessing = 0;
		};
		9FAC10D81F7324F000FFEEDE /* Sources */ = {
			isa = PBXSourcesBuildPhase;
			buildActionMask = 2147483647;
			files = (
				9FAC10E11F7324F000FFEEDE /* CodableAutoSaveTests.swift in Sources */,
			);
			runOnlyForDeploymentPostprocessing = 0;
		};
/* End PBXSourcesBuildPhase section */

/* Begin PBXTargetDependency section */
		9FAC10DE1F7324F000FFEEDE /* PBXTargetDependency */ = {
			isa = PBXTargetDependency;
			target = 9FAC10C71F7324F000FFEEDE /* CodableAutoSave */;
			targetProxy = 9FAC10DD1F7324F000FFEEDE /* PBXContainerItemProxy */;
		};
/* End PBXTargetDependency section */

/* Begin PBXVariantGroup section */
		9FAC10CF1F7324F000FFEEDE /* Main.storyboard */ = {
			isa = PBXVariantGroup;
			children = (
				9FAC10D01F7324F000FFEEDE /* Base */,
			);
			name = Main.storyboard;
			sourceTree = "<group>";
		};
		9FAC10D41F7324F000FFEEDE /* LaunchScreen.storyboard */ = {
			isa = PBXVariantGroup;
			children = (
				9FAC10D51F7324F000FFEEDE /* Base */,
			);
			name = LaunchScreen.storyboard;
			sourceTree = "<group>";
		};
/* End PBXVariantGroup section */

/* Begin XCBuildConfiguration section */
		9FAC10E31F7324F000FFEEDE /* Debug */ = {
			isa = XCBuildConfiguration;
			buildSettings = {
				ALWAYS_SEARCH_USER_PATHS = NO;
				CLANG_ANALYZER_NONNULL = YES;
				CLANG_ANALYZER_NUMBER_OBJECT_CONVERSION = YES_AGGRESSIVE;
				CLANG_CXX_LANGUAGE_STANDARD = "gnu++14";
				CLANG_CXX_LIBRARY = "libc++";
				CLANG_ENABLE_MODULES = YES;
				CLANG_ENABLE_OBJC_ARC = YES;
				CLANG_WARN_BLOCK_CAPTURE_AUTORELEASING = YES;
				CLANG_WARN_BOOL_CONVERSION = YES;
				CLANG_WARN_COMMA = YES;
				CLANG_WARN_CONSTANT_CONVERSION = YES;
				CLANG_WARN_DIRECT_OBJC_ISA_USAGE = YES_ERROR;
				CLANG_WARN_DOCUMENTATION_COMMENTS = YES;
				CLANG_WARN_EMPTY_BODY = YES;
				CLANG_WARN_ENUM_CONVERSION = YES;
				CLANG_WARN_INFINITE_RECURSION = YES;
				CLANG_WARN_INT_CONVERSION = YES;
				CLANG_WARN_NON_LITERAL_NULL_CONVERSION = YES;
				CLANG_WARN_OBJC_LITERAL_CONVERSION = YES;
				CLANG_WARN_OBJC_ROOT_CLASS = YES_ERROR;
				CLANG_WARN_RANGE_LOOP_ANALYSIS = YES;
				CLANG_WARN_STRICT_PROTOTYPES = YES;
				CLANG_WARN_SUSPICIOUS_MOVE = YES;
				CLANG_WARN_UNGUARDED_AVAILABILITY = YES_AGGRESSIVE;
				CLANG_WARN_UNREACHABLE_CODE = YES;
				CLANG_WARN__DUPLICATE_METHOD_MATCH = YES;
				CODE_SIGN_IDENTITY = "iPhone Developer";
				COPY_PHASE_STRIP = NO;
				DEBUG_INFORMATION_FORMAT = dwarf;
				ENABLE_STRICT_OBJC_MSGSEND = YES;
				ENABLE_TESTABILITY = YES;
				GCC_C_LANGUAGE_STANDARD = gnu11;
				GCC_DYNAMIC_NO_PIC = NO;
				GCC_NO_COMMON_BLOCKS = YES;
				GCC_OPTIMIZATION_LEVEL = 0;
				GCC_PREPROCESSOR_DEFINITIONS = (
					"DEBUG=1",
					"$(inherited)",
				);
				GCC_WARN_64_TO_32_BIT_CONVERSION = YES;
				GCC_WARN_ABOUT_RETURN_TYPE = YES_ERROR;
				GCC_WARN_UNDECLARED_SELECTOR = YES;
				GCC_WARN_UNINITIALIZED_AUTOS = YES_AGGRESSIVE;
				GCC_WARN_UNUSED_FUNCTION = YES;
				GCC_WARN_UNUSED_VARIABLE = YES;
				IPHONEOS_DEPLOYMENT_TARGET = 11.0;
				MTL_ENABLE_DEBUG_INFO = YES;
				ONLY_ACTIVE_ARCH = YES;
				SDKROOT = iphoneos;
				SWIFT_ACTIVE_COMPILATION_CONDITIONS = DEBUG;
				SWIFT_OPTIMIZATION_LEVEL = "-Onone";
			};
			name = Debug;
		};
		9FAC10E41F7324F000FFEEDE /* Release */ = {
			isa = XCBuildConfiguration;
			buildSettings = {
				ALWAYS_SEARCH_USER_PATHS = NO;
				CLANG_ANALYZER_NONNULL = YES;
				CLANG_ANALYZER_NUMBER_OBJECT_CONVERSION = YES_AGGRESSIVE;
				CLANG_CXX_LANGUAGE_STANDARD = "gnu++14";
				CLANG_CXX_LIBRARY = "libc++";
				CLANG_ENABLE_MODULES = YES;
				CLANG_ENABLE_OBJC_ARC = YES;
				CLANG_WARN_BLOCK_CAPTURE_AUTORELEASING = YES;
				CLANG_WARN_BOOL_CONVERSION = YES;
				CLANG_WARN_COMMA = YES;
				CLANG_WARN_CONSTANT_CONVERSION = YES;
				CLANG_WARN_DIRECT_OBJC_ISA_USAGE = YES_ERROR;
				CLANG_WARN_DOCUMENTATION_COMMENTS = YES;
				CLANG_WARN_EMPTY_BODY = YES;
				CLANG_WARN_ENUM_CONVERSION = YES;
				CLANG_WARN_INFINITE_RECURSION = YES;
				CLANG_WARN_INT_CONVERSION = YES;
				CLANG_WARN_NON_LITERAL_NULL_CONVERSION = YES;
				CLANG_WARN_OBJC_LITERAL_CONVERSION = YES;
				CLANG_WARN_OBJC_ROOT_CLASS = YES_ERROR;
				CLANG_WARN_RANGE_LOOP_ANALYSIS = YES;
				CLANG_WARN_STRICT_PROTOTYPES = YES;
				CLANG_WARN_SUSPICIOUS_MOVE = YES;
				CLANG_WARN_UNGUARDED_AVAILABILITY = YES_AGGRESSIVE;
				CLANG_WARN_UNREACHABLE_CODE = YES;
				CLANG_WARN__DUPLICATE_METHOD_MATCH = YES;
				CODE_SIGN_IDENTITY = "iPhone Developer";
				COPY_PHASE_STRIP = NO;
				DEBUG_INFORMATION_FORMAT = "dwarf-with-dsym";
				ENABLE_NS_ASSERTIONS = NO;
				ENABLE_STRICT_OBJC_MSGSEND = YES;
				GCC_C_LANGUAGE_STANDARD = gnu11;
				GCC_NO_COMMON_BLOCKS = YES;
				GCC_WARN_64_TO_32_BIT_CONVERSION = YES;
				GCC_WARN_ABOUT_RETURN_TYPE = YES_ERROR;
				GCC_WARN_UNDECLARED_SELECTOR = YES;
				GCC_WARN_UNINITIALIZED_AUTOS = YES_AGGRESSIVE;
				GCC_WARN_UNUSED_FUNCTION = YES;
				GCC_WARN_UNUSED_VARIABLE = YES;
				IPHONEOS_DEPLOYMENT_TARGET = 11.0;
				MTL_ENABLE_DEBUG_INFO = NO;
				SDKROOT = iphoneos;
				SWIFT_OPTIMIZATION_LEVEL = "-Owholemodule";
				VALIDATE_PRODUCT = YES;
			};
			name = Release;
		};
		9FAC10E61F7324F000FFEEDE /* Debug */ = {
			isa = XCBuildConfiguration;
			buildSettings = {
				ASSETCATALOG_COMPILER_APPICON_NAME = AppIcon;
				CODE_SIGN_STYLE = Automatic;
				DEVELOPMENT_TEAM = 557EJSX593;
				INFOPLIST_FILE = CodableAutoSave/Info.plist;
				LD_RUNPATH_SEARCH_PATHS = "$(inherited) @executable_path/Frameworks";
				PRODUCT_BUNDLE_IDENTIFIER = com.monsanto.field.CodableAutoSave;
				PRODUCT_NAME = "$(TARGET_NAME)";
				SWIFT_VERSION = 4.0;
				TARGETED_DEVICE_FAMILY = "1,2";
			};
			name = Debug;
		};
		9FAC10E71F7324F000FFEEDE /* Release */ = {
			isa = XCBuildConfiguration;
			buildSettings = {
				ASSETCATALOG_COMPILER_APPICON_NAME = AppIcon;
				CODE_SIGN_STYLE = Automatic;
				DEVELOPMENT_TEAM = 557EJSX593;
				INFOPLIST_FILE = CodableAutoSave/Info.plist;
				LD_RUNPATH_SEARCH_PATHS = "$(inherited) @executable_path/Frameworks";
				PRODUCT_BUNDLE_IDENTIFIER = com.monsanto.field.CodableAutoSave;
				PRODUCT_NAME = "$(TARGET_NAME)";
				SWIFT_VERSION = 4.0;
				TARGETED_DEVICE_FAMILY = "1,2";
			};
			name = Release;
		};
		9FAC10E91F7324F000FFEEDE /* Debug */ = {
			isa = XCBuildConfiguration;
			buildSettings = {
				ALWAYS_EMBED_SWIFT_STANDARD_LIBRARIES = YES;
				BUNDLE_LOADER = "$(TEST_HOST)";
				CODE_SIGN_STYLE = Automatic;
				DEVELOPMENT_TEAM = 557EJSX593;
				INFOPLIST_FILE = CodableAutoSaveTests/Info.plist;
				LD_RUNPATH_SEARCH_PATHS = "$(inherited) @executable_path/Frameworks @loader_path/Frameworks";
				PRODUCT_BUNDLE_IDENTIFIER = com.monsanto.field.CodableAutoSaveTests;
				PRODUCT_NAME = "$(TARGET_NAME)";
				SWIFT_VERSION = 4.0;
				TARGETED_DEVICE_FAMILY = "1,2";
				TEST_HOST = "$(BUILT_PRODUCTS_DIR)/CodableAutoSave.app/CodableAutoSave";
			};
			name = Debug;
		};
		9FAC10EA1F7324F000FFEEDE /* Release */ = {
			isa = XCBuildConfiguration;
			buildSettings = {
				ALWAYS_EMBED_SWIFT_STANDARD_LIBRARIES = YES;
				BUNDLE_LOADER = "$(TEST_HOST)";
				CODE_SIGN_STYLE = Automatic;
				DEVELOPMENT_TEAM = 557EJSX593;
				INFOPLIST_FILE = CodableAutoSaveTests/Info.plist;
				LD_RUNPATH_SEARCH_PATHS = "$(inherited) @executable_path/Frameworks @loader_path/Frameworks";
				PRODUCT_BUNDLE_IDENTIFIER = com.monsanto.field.CodableAutoSaveTests;
				PRODUCT_NAME = "$(TARGET_NAME)";
				SWIFT_VERSION = 4.0;
				TARGETED_DEVICE_FAMILY = "1,2";
				TEST_HOST = "$(BUILT_PRODUCTS_DIR)/CodableAutoSave.app/CodableAutoSave";
			};
			name = Release;
		};
/* End XCBuildConfiguration section */

/* Begin XCConfigurationList section */
		9FAC10C31F7324F000FFEEDE /* Build configuration list for PBXProject "CodableAutoSave" */ = {
			isa = XCConfigurationList;
			buildConfigurations = (
				9FAC10E31F7324F000FFEEDE /* Debug */,
				9FAC10E41F7324F000FFEEDE /* Release */,
			);
			defaultConfigurationIsVisible = 0;
			defaultConfigurationName = Release;
		};
		9FAC10E51F7324F000FFEEDE /* Build configuration list for PBXNativeTarget "CodableAutoSave" */ = {
			isa = XCConfigurationList;
			buildConfigurations = (
				9FAC10E61F7324F000FFEEDE /* Debug */,
				9FAC10E71F7324F000FFEEDE /* Release */,
			);
			defaultConfigurationIsVisible = 0;
			defaultConfigurationName = Release;
		};
		9FAC10E81F7324F000FFEEDE /* Build configuration list for PBXNativeTarget "CodableAutoSaveTests" */ = {
			isa = XCConfigurationList;
			buildConfigurations = (
				9FAC10E91F7324F000FFEEDE /* Debug */,
				9FAC10EA1F7324F000FFEEDE /* Release */,
			);
			defaultConfigurationIsVisible = 0;
			defaultConfigurationName = Release;
		};
/* End XCConfigurationList section */
	};
	rootObject = 9FAC10C01F7324F000FFEEDE /* Project object */;
}
